
Microsoft Visual Studio Solution File, Format Version 12.00
# Visual Studio Express 2013 for Windows Desktop
VisualStudioVersion = 12.0.21005.1
MinimumVisualStudioVersion = 10.0.40219.1
Project("{FAE04EC0-301F-11D3-BF4B-00C04F79EFBC}") = "GameMaker", "GameMaker\GameMaker.csproj", "{9B4B4358-F24B-41B4-BF94-9013E205780B}"
EndProject
Project("{FAE04EC0-301F-11D3-BF4B-00C04F79EFBC}") = "Breakout", "Sandbox\Breakout.csproj", "{2D419382-EB93-4C9D-A149-0565EC61FD2A}"
EndProject
Project("{FAE04EC0-301F-11D3-BF4B-00C04F79EFBC}") = "GameMaker.Forms", "GameMaker.Forms\GameMaker.Forms.csproj", "{CA3C77B9-DB5A-4F45-84AF-7141CB70DB9B}"
EndProject
Project("{FAE04EC0-301F-11D3-BF4B-00C04F79EFBC}") = "GameMaker.Motions", "GameMaker.Motions\GameMaker.Motions.csproj", "{D0E2DD98-20C6-4A04-9A7B-9C2C8CBC4D33}"
EndProject
Project("{FAE04EC0-301F-11D3-BF4B-00C04F79EFBC}") = "GameMaker.OpenGL", "GameMaker.OpenGL\GameMaker.OpenGL.csproj", "{F1947A4F-1E40-4869-A899-5D2707338137}"
EndProject
Project("{FAE04EC0-301F-11D3-BF4B-00C04F79EFBC}") = "Boids", "Boids\Boids.csproj", "{4801EC9A-281B-4CCC-B684-85A319F7B570}"
EndProject
Project("{FAE04EC0-301F-11D3-BF4B-00C04F79EFBC}") = "GameMaker.Math", "GameMaker.Math\GameMaker.Math.csproj", "{3F715269-9AC1-4847-84AE-A160A89ECF3D}"
EndProject
Project("{8BC9CEB8-8B4A-11D0-8D11-00A0C91BC942}") = "GMPlusPlus", "GMPlusPlus\GMPlusPlus.vcxproj", "{23C01E70-90AC-4EE2-9560-7A73E6F64C3C}"
EndProject
Global
	GlobalSection(SolutionConfigurationPlatforms) = preSolution
		Debug|Any CPU = Debug|Any CPU
		Debug|Mixed Platforms = Debug|Mixed Platforms
		Debug|Win32 = Debug|Win32
		Release|Any CPU = Release|Any CPU
		Release|Mixed Platforms = Release|Mixed Platforms
		Release|Win32 = Release|Win32
	EndGlobalSection
	GlobalSection(ProjectConfigurationPlatforms) = postSolution
		{9B4B4358-F24B-41B4-BF94-9013E205780B}.Debug|Any CPU.ActiveCfg = Debug|Any CPU
		{9B4B4358-F24B-41B4-BF94-9013E205780B}.Debug|Any CPU.Build.0 = Debug|Any CPU
		{9B4B4358-F24B-41B4-BF94-9013E205780B}.Debug|Mixed Platforms.ActiveCfg = Debug|Any CPU
		{9B4B4358-F24B-41B4-BF94-9013E205780B}.Debug|Mixed Platforms.Build.0 = Debug|Any CPU
		{9B4B4358-F24B-41B4-BF94-9013E205780B}.Debug|Win32.ActiveCfg = Debug|Any CPU
		{9B4B4358-F24B-41B4-BF94-9013E205780B}.Release|Any CPU.ActiveCfg = Release|Any CPU
		{9B4B4358-F24B-41B4-BF94-9013E205780B}.Release|Any CPU.Build.0 = Release|Any CPU
		{9B4B4358-F24B-41B4-BF94-9013E205780B}.Release|Mixed Platforms.ActiveCfg = Release|Any CPU
		{9B4B4358-F24B-41B4-BF94-9013E205780B}.Release|Mixed Platforms.Build.0 = Release|Any CPU
		{9B4B4358-F24B-41B4-BF94-9013E205780B}.Release|Win32.ActiveCfg = Release|Any CPU
		{2D419382-EB93-4C9D-A149-0565EC61FD2A}.Debug|Any CPU.ActiveCfg = Debug|Any CPU
		{2D419382-EB93-4C9D-A149-0565EC61FD2A}.Debug|Any CPU.Build.0 = Debug|Any CPU
		{2D419382-EB93-4C9D-A149-0565EC61FD2A}.Debug|Mixed Platforms.ActiveCfg = Debug|Any CPU
		{2D419382-EB93-4C9D-A149-0565EC61FD2A}.Debug|Mixed Platforms.Build.0 = Debug|Any CPU
		{2D419382-EB93-4C9D-A149-0565EC61FD2A}.Debug|Win32.ActiveCfg = Debug|Any CPU
		{2D419382-EB93-4C9D-A149-0565EC61FD2A}.Release|Any CPU.ActiveCfg = Release|Any CPU
		{2D419382-EB93-4C9D-A149-0565EC61FD2A}.Release|Mixed Platforms.ActiveCfg = Release|Any CPU
		{2D419382-EB93-4C9D-A149-0565EC61FD2A}.Release|Mixed Platforms.Build.0 = Release|Any CPU
		{2D419382-EB93-4C9D-A149-0565EC61FD2A}.Release|Win32.ActiveCfg = Release|Any CPU
		{CA3C77B9-DB5A-4F45-84AF-7141CB70DB9B}.Debug|Any CPU.ActiveCfg = Debug|Any CPU
		{CA3C77B9-DB5A-4F45-84AF-7141CB70DB9B}.Debug|Any CPU.Build.0 = Debug|Any CPU
		{CA3C77B9-DB5A-4F45-84AF-7141CB70DB9B}.Debug|Mixed Platforms.ActiveCfg = Debug|Any CPU
		{CA3C77B9-DB5A-4F45-84AF-7141CB70DB9B}.Debug|Mixed Platforms.Build.0 = Debug|Any CPU
		{CA3C77B9-DB5A-4F45-84AF-7141CB70DB9B}.Debug|Win32.ActiveCfg = Debug|Any CPU
		{CA3C77B9-DB5A-4F45-84AF-7141CB70DB9B}.Release|Any CPU.ActiveCfg = Release|Any CPU
		{CA3C77B9-DB5A-4F45-84AF-7141CB70DB9B}.Release|Any CPU.Build.0 = Release|Any CPU
		{CA3C77B9-DB5A-4F45-84AF-7141CB70DB9B}.Release|Mixed Platforms.ActiveCfg = Release|Any CPU
		{CA3C77B9-DB5A-4F45-84AF-7141CB70DB9B}.Release|Mixed Platforms.Build.0 = Release|Any CPU
		{CA3C77B9-DB5A-4F45-84AF-7141CB70DB9B}.Release|Win32.ActiveCfg = Release|Any CPU
		{D0E2DD98-20C6-4A04-9A7B-9C2C8CBC4D33}.Debug|Any CPU.ActiveCfg = Debug|Any CPU
		{D0E2DD98-20C6-4A04-9A7B-9C2C8CBC4D33}.Debug|Any CPU.Build.0 = Debug|Any CPU
		{D0E2DD98-20C6-4A04-9A7B-9C2C8CBC4D33}.Debug|Mixed Platforms.ActiveCfg = Debug|Any CPU
		{D0E2DD98-20C6-4A04-9A7B-9C2C8CBC4D33}.Debug|Mixed Platforms.Build.0 = Debug|Any CPU
		{D0E2DD98-20C6-4A04-9A7B-9C2C8CBC4D33}.Debug|Win32.ActiveCfg = Debug|Any CPU
		{D0E2DD98-20C6-4A04-9A7B-9C2C8CBC4D33}.Release|Any CPU.ActiveCfg = Release|Any CPU
		{D0E2DD98-20C6-4A04-9A7B-9C2C8CBC4D33}.Release|Any CPU.Build.0 = Release|Any CPU
		{D0E2DD98-20C6-4A04-9A7B-9C2C8CBC4D33}.Release|Mixed Platforms.ActiveCfg = Release|Any CPU
		{D0E2DD98-20C6-4A04-9A7B-9C2C8CBC4D33}.Release|Mixed Platforms.Build.0 = Release|Any CPU
		{D0E2DD98-20C6-4A04-9A7B-9C2C8CBC4D33}.Release|Win32.ActiveCfg = Release|Any CPU
		{F1947A4F-1E40-4869-A899-5D2707338137}.Debug|Any CPU.ActiveCfg = Debug|Any CPU
		{F1947A4F-1E40-4869-A899-5D2707338137}.Debug|Mixed Platforms.ActiveCfg = Debug|Any CPU
		{F1947A4F-1E40-4869-A899-5D2707338137}.Debug|Mixed Platforms.Build.0 = Debug|Any CPU
		{F1947A4F-1E40-4869-A899-5D2707338137}.Debug|Win32.ActiveCfg = Debug|Any CPU
		{F1947A4F-1E40-4869-A899-5D2707338137}.Release|Any CPU.ActiveCfg = Release|Any CPU
		{F1947A4F-1E40-4869-A899-5D2707338137}.Release|Mixed Platforms.ActiveCfg = Release|Any CPU
		{F1947A4F-1E40-4869-A899-5D2707338137}.Release|Mixed Platforms.Build.0 = Release|Any CPU
		{F1947A4F-1E40-4869-A899-5D2707338137}.Release|Win32.ActiveCfg = Release|Any CPU
		{4801EC9A-281B-4CCC-B684-85A319F7B570}.Debug|Any CPU.ActiveCfg = Debug|Any CPU
		{4801EC9A-281B-4CCC-B684-85A319F7B570}.Debug|Mixed Platforms.ActiveCfg = Debug|Any CPU
		{4801EC9A-281B-4CCC-B684-85A319F7B570}.Debug|Mixed Platforms.Build.0 = Debug|Any CPU
		{4801EC9A-281B-4CCC-B684-85A319F7B570}.Debug|Win32.ActiveCfg = Debug|Any CPU
		{4801EC9A-281B-4CCC-B684-85A319F7B570}.Release|Any CPU.ActiveCfg = Release|Any CPU
		{4801EC9A-281B-4CCC-B684-85A319F7B570}.Release|Mixed Platforms.ActiveCfg = Release|Any CPU
		{4801EC9A-281B-4CCC-B684-85A319F7B570}.Release|Mixed Platforms.Build.0 = Release|Any CPU
		{4801EC9A-281B-4CCC-B684-85A319F7B570}.Release|Win32.ActiveCfg = Release|Any CPU
		{3F715269-9AC1-4847-84AE-A160A89ECF3D}.Debug|Any CPU.ActiveCfg = Debug|Any CPU
		{3F715269-9AC1-4847-84AE-A160A89ECF3D}.Debug|Any CPU.Build.0 = Debug|Any CPU
		{3F715269-9AC1-4847-84AE-A160A89ECF3D}.Debug|Mixed Platforms.ActiveCfg = Debug|Any CPU
		{3F715269-9AC1-4847-84AE-A160A89ECF3D}.Debug|Mixed Platforms.Build.0 = Debug|Any CPU
		{3F715269-9AC1-4847-84AE-A160A89ECF3D}.Debug|Win32.ActiveCfg = Debug|Any CPU
		{3F715269-9AC1-4847-84AE-A160A89ECF3D}.Release|Any CPU.ActiveCfg = Release|Any CPU
		{3F715269-9AC1-4847-84AE-A160A89ECF3D}.Release|Any CPU.Build.0 = Release|Any CPU
		{3F715269-9AC1-4847-84AE-A160A89ECF3D}.Release|Mixed Platforms.ActiveCfg = Release|Any CPU
		{3F715269-9AC1-4847-84AE-A160A89ECF3D}.Release|Mixed Platforms.Build.0 = Release|Any CPU
		{3F715269-9AC1-4847-84AE-A160A89ECF3D}.Release|Win32.ActiveCfg = Release|Any CPU
		{23C01E70-90AC-4EE2-9560-7A73E6F64C3C}.Debug|Any CPU.ActiveCfg = Debug|Win32
		{23C01E70-90AC-4EE2-9560-7A73E6F64C3C}.Debug|Mixed Platforms.ActiveCfg = Debug|Win32
		{23C01E70-90AC-4EE2-9560-7A73E6F64C3C}.Debug|Mixed Platforms.Build.0 = Debug|Win32
		{23C01E70-90AC-4EE2-9560-7A73E6F64C3C}.Debug|Win32.ActiveCfg = Debug|Win32
		{23C01E70-90AC-4EE2-9560-7A73E6F64C3C}.Debug|Win32.Build.0 = Debug|Win32
		{23C01E70-90AC-4EE2-9560-7A73E6F64C3C}.Release|Any CPU.ActiveCfg = Release|Win32
		{23C01E70-90AC-4EE2-9560-7A73E6F64C3C}.Release|Mixed Platforms.ActiveCfg = Release|Win32
		{23C01E70-90AC-4EE2-9560-7A73E6F64C3C}.Release|Mixed Platforms.Build.0 = Release|Win32
		{23C01E70-90AC-4EE2-9560-7A73E6F64C3C}.Release|Win32.ActiveCfg = Release|Win32
		{23C01E70-90AC-4EE2-9560-7A73E6F64C3C}.Release|Win32.Build.0 = Release|Win32
	EndGlobalSection
	GlobalSection(SolutionProperties) = preSolution
		HideSolutionNode = FALSE
	EndGlobalSection
EndGlobal
