
Microsoft Visual Studio Solution File, Format Version 12.00
# Visual Studio Express 2013 for Windows Desktop
VisualStudioVersion = 12.0.21005.1
MinimumVisualStudioVersion = 10.0.40219.1
Project("{FAE04EC0-301F-11D3-BF4B-00C04F79EFBC}") = "GameMaker", "GameMaker\GameMaker.csproj", "{9B4B4358-F24B-41B4-BF94-9013E205780B}"
EndProject
Project("{FAE04EC0-301F-11D3-BF4B-00C04F79EFBC}") = "GameMaker.UnitTesting", "GameMaker.UnitTesting\GameMaker.UnitTesting.csproj", "{6EC500EE-F34A-48A5-96E5-C013EC53705A}"
EndProject
Project("{FAE04EC0-301F-11D3-BF4B-00C04F79EFBC}") = "DrawingTests", "DrawingTests\DrawingTests.csproj", "{9E45D2AB-F431-4A1B-A7B4-D8BFA680470F}"
EndProject
Global
	GlobalSection(SolutionConfigurationPlatforms) = preSolution
		Debug|Any CPU = Debug|Any CPU
		Debug|Mixed Platforms = Debug|Mixed Platforms
		Debug|Win32 = Debug|Win32
		Release|Any CPU = Release|Any CPU
		Release|Mixed Platforms = Release|Mixed Platforms
		Release|Win32 = Release|Win32
		Test|Any CPU = Test|Any CPU
		Test|Mixed Platforms = Test|Mixed Platforms
		Test|Win32 = Test|Win32
	EndGlobalSection
	GlobalSection(ProjectConfigurationPlatforms) = postSolution
		{9B4B4358-F24B-41B4-BF94-9013E205780B}.Debug|Any CPU.ActiveCfg = Debug|Any CPU
		{9B4B4358-F24B-41B4-BF94-9013E205780B}.Debug|Any CPU.Build.0 = Debug|Any CPU
		{9B4B4358-F24B-41B4-BF94-9013E205780B}.Debug|Mixed Platforms.ActiveCfg = Debug|Any CPU
		{9B4B4358-F24B-41B4-BF94-9013E205780B}.Debug|Mixed Platforms.Build.0 = Debug|Any CPU
		{9B4B4358-F24B-41B4-BF94-9013E205780B}.Debug|Win32.ActiveCfg = Debug|Any CPU
		{9B4B4358-F24B-41B4-BF94-9013E205780B}.Release|Any CPU.ActiveCfg = Release|Any CPU
		{9B4B4358-F24B-41B4-BF94-9013E205780B}.Release|Any CPU.Build.0 = Release|Any CPU
		{9B4B4358-F24B-41B4-BF94-9013E205780B}.Release|Mixed Platforms.ActiveCfg = Release|Any CPU
		{9B4B4358-F24B-41B4-BF94-9013E205780B}.Release|Mixed Platforms.Build.0 = Release|Any CPU
		{9B4B4358-F24B-41B4-BF94-9013E205780B}.Release|Win32.ActiveCfg = Release|Any CPU
		{9B4B4358-F24B-41B4-BF94-9013E205780B}.Test|Any CPU.ActiveCfg = Test|Any CPU
		{9B4B4358-F24B-41B4-BF94-9013E205780B}.Test|Any CPU.Build.0 = Test|Any CPU
		{9B4B4358-F24B-41B4-BF94-9013E205780B}.Test|Mixed Platforms.ActiveCfg = Test|Any CPU
		{9B4B4358-F24B-41B4-BF94-9013E205780B}.Test|Mixed Platforms.Build.0 = Test|Any CPU
		{9B4B4358-F24B-41B4-BF94-9013E205780B}.Test|Win32.ActiveCfg = Test|Any CPU
		{6EC500EE-F34A-48A5-96E5-C013EC53705A}.Debug|Any CPU.ActiveCfg = Debug|Any CPU
		{6EC500EE-F34A-48A5-96E5-C013EC53705A}.Debug|Any CPU.Build.0 = Debug|Any CPU
		{6EC500EE-F34A-48A5-96E5-C013EC53705A}.Debug|Mixed Platforms.ActiveCfg = Debug|Any CPU
		{6EC500EE-F34A-48A5-96E5-C013EC53705A}.Debug|Mixed Platforms.Build.0 = Debug|Any CPU
		{6EC500EE-F34A-48A5-96E5-C013EC53705A}.Debug|Win32.ActiveCfg = Debug|Any CPU
		{6EC500EE-F34A-48A5-96E5-C013EC53705A}.Release|Any CPU.ActiveCfg = Release|Any CPU
		{6EC500EE-F34A-48A5-96E5-C013EC53705A}.Release|Any CPU.Build.0 = Release|Any CPU
		{6EC500EE-F34A-48A5-96E5-C013EC53705A}.Release|Mixed Platforms.ActiveCfg = Release|Any CPU
		{6EC500EE-F34A-48A5-96E5-C013EC53705A}.Release|Win32.ActiveCfg = Release|Any CPU
		{6EC500EE-F34A-48A5-96E5-C013EC53705A}.Test|Any CPU.ActiveCfg = Test|Any CPU
		{6EC500EE-F34A-48A5-96E5-C013EC53705A}.Test|Any CPU.Build.0 = Test|Any CPU
		{6EC500EE-F34A-48A5-96E5-C013EC53705A}.Test|Mixed Platforms.ActiveCfg = Test|Any CPU
		{6EC500EE-F34A-48A5-96E5-C013EC53705A}.Test|Mixed Platforms.Build.0 = Test|Any CPU
		{6EC500EE-F34A-48A5-96E5-C013EC53705A}.Test|Win32.ActiveCfg = Test|Any CPU
		{9E45D2AB-F431-4A1B-A7B4-D8BFA680470F}.Debug|Any CPU.ActiveCfg = Debug|Any CPU
		{9E45D2AB-F431-4A1B-A7B4-D8BFA680470F}.Debug|Any CPU.Build.0 = Debug|Any CPU
		{9E45D2AB-F431-4A1B-A7B4-D8BFA680470F}.Debug|Mixed Platforms.ActiveCfg = Debug|Any CPU
		{9E45D2AB-F431-4A1B-A7B4-D8BFA680470F}.Debug|Mixed Platforms.Build.0 = Debug|Any CPU
		{9E45D2AB-F431-4A1B-A7B4-D8BFA680470F}.Debug|Win32.ActiveCfg = Debug|Any CPU
		{9E45D2AB-F431-4A1B-A7B4-D8BFA680470F}.Release|Any CPU.ActiveCfg = Release|Any CPU
		{9E45D2AB-F431-4A1B-A7B4-D8BFA680470F}.Release|Any CPU.Build.0 = Release|Any CPU
		{9E45D2AB-F431-4A1B-A7B4-D8BFA680470F}.Release|Mixed Platforms.ActiveCfg = Release|Any CPU
		{9E45D2AB-F431-4A1B-A7B4-D8BFA680470F}.Release|Mixed Platforms.Build.0 = Release|Any CPU
		{9E45D2AB-F431-4A1B-A7B4-D8BFA680470F}.Release|Win32.ActiveCfg = Release|Any CPU
		{9E45D2AB-F431-4A1B-A7B4-D8BFA680470F}.Test|Any CPU.ActiveCfg = Test|Any CPU
		{9E45D2AB-F431-4A1B-A7B4-D8BFA680470F}.Test|Any CPU.Build.0 = Test|Any CPU
		{9E45D2AB-F431-4A1B-A7B4-D8BFA680470F}.Test|Mixed Platforms.ActiveCfg = Test|Any CPU
		{9E45D2AB-F431-4A1B-A7B4-D8BFA680470F}.Test|Win32.ActiveCfg = Test|Any CPU
	EndGlobalSection
	GlobalSection(SolutionProperties) = preSolution
		HideSolutionNode = FALSE
	EndGlobalSection
EndGlobal
