
Microsoft Visual Studio Solution File, Format Version 12.00
# Visual Studio Version 16
VisualStudioVersion = 16.0.29318.209
MinimumVisualStudioVersion = 15.0.26124.0
Project("{9A19103F-16F7-4668-BE54-9A1E7A4F7556}") = "GRaff", "GRaff\GRaff.csproj", "{75508017-8333-458C-B00A-A7DA51823459}"
EndProject
Project("{9A19103F-16F7-4668-BE54-9A1E7A4F7556}") = "GRaff.Showcase", "GRaff.Showcase\GRaff.Showcase.csproj", "{3F8545FE-1AA0-4E3D-AB7C-4510E80C3244}"
EndProject
Project("{9A19103F-16F7-4668-BE54-9A1E7A4F7556}") = "GRaff.UnitTests", "GRaff.UnitTests\GRaff.UnitTests.csproj", "{4CDFC267-F922-4D92-8009-D57FE1DD9E18}"
EndProject
Project("{9A19103F-16F7-4668-BE54-9A1E7A4F7556}") = "GRaff.GraphicTest", "GRaff.GraphicTest\GRaff.GraphicTest.csproj", "{BC1D1195-13CE-47A5-9ADE-29EB846060A9}"
EndProject
Global
	GlobalSection(SolutionConfigurationPlatforms) = preSolution
		Debug|Any CPU = Debug|Any CPU
		Debug|x64 = Debug|x64
		Debug|x86 = Debug|x86
		Release|Any CPU = Release|Any CPU
		Release|x64 = Release|x64
		Release|x86 = Release|x86
	EndGlobalSection
	GlobalSection(ProjectConfigurationPlatforms) = postSolution
		{75508017-8333-458C-B00A-A7DA51823459}.Debug|Any CPU.ActiveCfg = Debug|Any CPU
		{75508017-8333-458C-B00A-A7DA51823459}.Debug|Any CPU.Build.0 = Debug|Any CPU
		{75508017-8333-458C-B00A-A7DA51823459}.Debug|x64.ActiveCfg = Debug|Any CPU
		{75508017-8333-458C-B00A-A7DA51823459}.Debug|x64.Build.0 = Debug|Any CPU
		{75508017-8333-458C-B00A-A7DA51823459}.Debug|x86.ActiveCfg = Debug|Any CPU
		{75508017-8333-458C-B00A-A7DA51823459}.Debug|x86.Build.0 = Debug|Any CPU
		{75508017-8333-458C-B00A-A7DA51823459}.Release|Any CPU.ActiveCfg = Release|Any CPU
		{75508017-8333-458C-B00A-A7DA51823459}.Release|Any CPU.Build.0 = Release|Any CPU
		{75508017-8333-458C-B00A-A7DA51823459}.Release|x64.ActiveCfg = Release|Any CPU
		{75508017-8333-458C-B00A-A7DA51823459}.Release|x64.Build.0 = Release|Any CPU
		{75508017-8333-458C-B00A-A7DA51823459}.Release|x86.ActiveCfg = Release|Any CPU
		{75508017-8333-458C-B00A-A7DA51823459}.Release|x86.Build.0 = Release|Any CPU
		{3F8545FE-1AA0-4E3D-AB7C-4510E80C3244}.Debug|Any CPU.ActiveCfg = Debug|Any CPU
		{3F8545FE-1AA0-4E3D-AB7C-4510E80C3244}.Debug|Any CPU.Build.0 = Debug|Any CPU
		{3F8545FE-1AA0-4E3D-AB7C-4510E80C3244}.Debug|x64.ActiveCfg = Debug|Any CPU
		{3F8545FE-1AA0-4E3D-AB7C-4510E80C3244}.Debug|x64.Build.0 = Debug|Any CPU
		{3F8545FE-1AA0-4E3D-AB7C-4510E80C3244}.Debug|x86.ActiveCfg = Debug|Any CPU
		{3F8545FE-1AA0-4E3D-AB7C-4510E80C3244}.Debug|x86.Build.0 = Debug|Any CPU
		{3F8545FE-1AA0-4E3D-AB7C-4510E80C3244}.Release|Any CPU.ActiveCfg = Release|Any CPU
		{3F8545FE-1AA0-4E3D-AB7C-4510E80C3244}.Release|Any CPU.Build.0 = Release|Any CPU
		{3F8545FE-1AA0-4E3D-AB7C-4510E80C3244}.Release|x64.ActiveCfg = Release|Any CPU
		{3F8545FE-1AA0-4E3D-AB7C-4510E80C3244}.Release|x64.Build.0 = Release|Any CPU
		{3F8545FE-1AA0-4E3D-AB7C-4510E80C3244}.Release|x86.ActiveCfg = Release|Any CPU
		{3F8545FE-1AA0-4E3D-AB7C-4510E80C3244}.Release|x86.Build.0 = Release|Any CPU
		{4CDFC267-F922-4D92-8009-D57FE1DD9E18}.Debug|Any CPU.ActiveCfg = Debug|Any CPU
		{4CDFC267-F922-4D92-8009-D57FE1DD9E18}.Debug|Any CPU.Build.0 = Debug|Any CPU
		{4CDFC267-F922-4D92-8009-D57FE1DD9E18}.Debug|x64.ActiveCfg = Debug|Any CPU
		{4CDFC267-F922-4D92-8009-D57FE1DD9E18}.Debug|x64.Build.0 = Debug|Any CPU
		{4CDFC267-F922-4D92-8009-D57FE1DD9E18}.Debug|x86.ActiveCfg = Debug|Any CPU
		{4CDFC267-F922-4D92-8009-D57FE1DD9E18}.Debug|x86.Build.0 = Debug|Any CPU
		{4CDFC267-F922-4D92-8009-D57FE1DD9E18}.Release|Any CPU.ActiveCfg = Release|Any CPU
		{4CDFC267-F922-4D92-8009-D57FE1DD9E18}.Release|Any CPU.Build.0 = Release|Any CPU
		{4CDFC267-F922-4D92-8009-D57FE1DD9E18}.Release|x64.ActiveCfg = Release|Any CPU
		{4CDFC267-F922-4D92-8009-D57FE1DD9E18}.Release|x64.Build.0 = Release|Any CPU
		{4CDFC267-F922-4D92-8009-D57FE1DD9E18}.Release|x86.ActiveCfg = Release|Any CPU
		{4CDFC267-F922-4D92-8009-D57FE1DD9E18}.Release|x86.Build.0 = Release|Any CPU
		{BC1D1195-13CE-47A5-9ADE-29EB846060A9}.Debug|Any CPU.ActiveCfg = Debug|Any CPU
		{BC1D1195-13CE-47A5-9ADE-29EB846060A9}.Debug|Any CPU.Build.0 = Debug|Any CPU
		{BC1D1195-13CE-47A5-9ADE-29EB846060A9}.Debug|x64.ActiveCfg = Debug|Any CPU
		{BC1D1195-13CE-47A5-9ADE-29EB846060A9}.Debug|x64.Build.0 = Debug|Any CPU
		{BC1D1195-13CE-47A5-9ADE-29EB846060A9}.Debug|x86.ActiveCfg = Debug|Any CPU
		{BC1D1195-13CE-47A5-9ADE-29EB846060A9}.Debug|x86.Build.0 = Debug|Any CPU
		{BC1D1195-13CE-47A5-9ADE-29EB846060A9}.Release|Any CPU.ActiveCfg = Release|Any CPU
		{BC1D1195-13CE-47A5-9ADE-29EB846060A9}.Release|Any CPU.Build.0 = Release|Any CPU
		{BC1D1195-13CE-47A5-9ADE-29EB846060A9}.Release|x64.ActiveCfg = Release|Any CPU
		{BC1D1195-13CE-47A5-9ADE-29EB846060A9}.Release|x64.Build.0 = Release|Any CPU
		{BC1D1195-13CE-47A5-9ADE-29EB846060A9}.Release|x86.ActiveCfg = Release|Any CPU
		{BC1D1195-13CE-47A5-9ADE-29EB846060A9}.Release|x86.Build.0 = Release|Any CPU
	EndGlobalSection
	GlobalSection(SolutionProperties) = preSolution
		HideSolutionNode = FALSE
	EndGlobalSection
	GlobalSection(ExtensibilityGlobals) = postSolution
		SolutionGuid = {5E940F3E-5211-4D07-8384-ADFABD4D3D69}
	EndGlobalSection
EndGlobal
